lockfileVersion: '9.0'

settings:
  autoInstallPeers: true
  excludeLinksFromLockfile: false

importers:

  .:
    dependencies:
      '@salla.sa/cli':
        specifier: ^3.2.4
        version: 3.2.4

packages:

  '@salla.sa/cli@3.2.4':
    resolution: {integrity: sha512-Gy7sPZKIUb0nzgIv79VT9vFWp5xWn4w3MPjIGWVjMOakYxxsiXZsprLktAR/EYIB5ozaVHa53Om8+83K0CSKqQ==}
    hasBin: true

  adm-zip@0.5.16:
    resolution: {integrity: sha512-TGw5yVi4saajsSEgz25grObGHEUaDrniwvA2qwSC060KfqGPdglhvPMA2lPIoxs3PQIItj2iag35fONcQqgUaQ==}
    engines: {node: '>=12.0'}

  cloudflared@0.4.0:
    resolution: {integrity: sha512-dVw3FcpL2LdpiVN6al0S3yG/hLCuwzPZ608a3173EfqWPQVf1v5MdQwQuzaqaB2LZ6nhi5rVRqIBRUjCyrz0JQ==}
    hasBin: true

  define-lazy-prop@2.0.0:
    resolution: {integrity: sha512-Ds09qNh8yw3khSjiJjiUInaGX9xlqZDY7JVryGxdxV7NPeuqQfplOpQ66yJFZut3jLa5zOwkXw1g9EI2uKh4Og==}
    engines: {node: '>=8'}

  git-up@7.0.0:
    resolution: {integrity: sha512-ONdIrbBCFusq1Oy0sC71F5azx8bVkvtZtMJAsv+a6lz5YAmbNnLD6HAB4gptHZVLPR8S2/kVN6Gab7lryq5+lQ==}

  git-url-parse@13.1.1:
    resolution: {integrity: sha512-PCFJyeSSdtnbfhSNRw9Wk96dDCNx+sogTe4YNXeXSJxt7xz5hvXekuRn9JX7m+Mf4OscCu8h+mtAl3+h5Fo8lQ==}

  is-docker@2.2.1:
    resolution: {integrity: sha512-F+i2BKsFrH66iaUFc0woD8sLy8getkwTwtOBjvs56Cx4CgJDeKQeqfz8wAYiSb8JOprWhHH5p77PbmYCvvUuXQ==}
    engines: {node: '>=8'}
    hasBin: true

  is-ssh@1.4.1:
    resolution: {integrity: sha512-JNeu1wQsHjyHgn9NcWTaXq6zWSR6hqE0++zhfZlkFBbScNkyvxCdeV8sRkSBaeLKxmbpR21brail63ACNxJ0Tg==}

  is-wsl@2.2.0:
    resolution: {integrity: sha512-fKzAra0rGJUUBwGBgNkHZuToZcn+TtXHpeCgmkMJMMYx1sQDYaCSyjJBSCa2nH1DGm7s3n1oBnohoVTBaN7Lww==}
    engines: {node: '>=8'}

  open@8.4.2:
    resolution: {integrity: sha512-7x81NCL719oNbsq/3mh+hVrAWmFuEYUqrq/Iw3kUzH8ReypT9QQ0BLoJS7/G9k6N81XjW4qHWtjWwe/9eLy1EQ==}
    engines: {node: '>=12'}

  parse-path@7.1.0:
    resolution: {integrity: sha512-EuCycjZtfPcjWk7KTksnJ5xPMvWGA/6i4zrLYhRG0hGvC3GPU/jGUj3Cy+ZR0v30duV3e23R95T1lE2+lsndSw==}

  parse-url@8.1.0:
    resolution: {integrity: sha512-xDvOoLU5XRrcOZvnI6b8zA6n9O9ejNk/GExuz1yBuWUGn9KA97GI6HTs6u02wKara1CeVmZhH+0TZFdWScR89w==}

  protocols@2.0.2:
    resolution: {integrity: sha512-hHVTzba3wboROl0/aWRRG9dMytgH6ow//STBZh43l/wQgmMhYhOFi0EHWAPtoCz9IAUymsyP0TSBHkhgMEGNnQ==}

snapshots:

  '@salla.sa/cli@3.2.4':
    dependencies:
      adm-zip: 0.5.16
      cloudflared: 0.4.0
      git-url-parse: 13.1.1
      open: 8.4.2

  adm-zip@0.5.16: {}

  cloudflared@0.4.0: {}

  define-lazy-prop@2.0.0: {}

  git-up@7.0.0:
    dependencies:
      is-ssh: 1.4.1
      parse-url: 8.1.0

  git-url-parse@13.1.1:
    dependencies:
      git-up: 7.0.0

  is-docker@2.2.1: {}

  is-ssh@1.4.1:
    dependencies:
      protocols: 2.0.2

  is-wsl@2.2.0:
    dependencies:
      is-docker: 2.2.1

  open@8.4.2:
    dependencies:
      define-lazy-prop: 2.0.0
      is-docker: 2.2.1
      is-wsl: 2.2.0

  parse-path@7.1.0:
    dependencies:
      protocols: 2.0.2

  parse-url@8.1.0:
    dependencies:
      parse-path: 7.1.0

  protocols@2.0.2: {}
